
Microsoft Visual Studio Solution File, Format Version 12.00
# Visual Studio 15
VisualStudioVersion = 15.0.27428.2015
MinimumVisualStudioVersion = 10.0.40219.1
Project("{FAE04EC0-301F-11D3-BF4B-00C04F79EFBC}") = "Auth1.Android", "Auth1\Auth1.Android\Auth1.Android.csproj", "{FF866455-DDC5-471B-82EA-536671BA3DB9}"
EndProject
Project("{D954291E-2A0B-460D-934E-DC6B0785DB48}") = "Auth1", "Auth1\Auth1\Auth1.shproj", "{2F971D56-CE70-42F7-8427-5EB537429C75}"
EndProject
Global
	GlobalSection(SharedMSBuildProjectFiles) = preSolution
		Auth1\Auth1\Auth1.projitems*{2f971d56-ce70-42f7-8427-5eb537429c75}*SharedItemsImports = 13
		Auth1\Auth1\Auth1.projitems*{ff866455-ddc5-471b-82ea-536671ba3db9}*SharedItemsImports = 4
	EndGlobalSection
	GlobalSection(SolutionConfigurationPlatforms) = preSolution
		Ad-Hoc|Any CPU = Ad-Hoc|Any CPU
		Ad-Hoc|ARM = Ad-Hoc|ARM
		Ad-Hoc|iPhone = Ad-Hoc|iPhone
		Ad-Hoc|iPhoneSimulator = Ad-Hoc|iPhoneSimulator
		Ad-Hoc|x64 = Ad-Hoc|x64
		Ad-Hoc|x86 = Ad-Hoc|x86
		AppStore|Any CPU = AppStore|Any CPU
		AppStore|ARM = AppStore|ARM
		AppStore|iPhone = AppStore|iPhone
		AppStore|iPhoneSimulator = AppStore|iPhoneSimulator
		AppStore|x64 = AppStore|x64
		AppStore|x86 = AppStore|x86
		Debug|Any CPU = Debug|Any CPU
		Debug|ARM = Debug|ARM
		Debug|iPhone = Debug|iPhone
		Debug|iPhoneSimulator = Debug|iPhoneSimulator
		Debug|x64 = Debug|x64
		Debug|x86 = Debug|x86
		Release|Any CPU = Release|Any CPU
		Release|ARM = Release|ARM
		Release|iPhone = Release|iPhone
		Release|iPhoneSimulator = Release|iPhoneSimulator
		Release|x64 = Release|x64
		Release|x86 = Release|x86
	EndGlobalSection
	GlobalSection(ProjectConfigurationPlatforms) = postSolution
		{FF866455-DDC5-471B-82EA-536671BA3DB9}.Ad-Hoc|Any CPU.ActiveCfg = Release|Any CPU
		{FF866455-DDC5-471B-82EA-536671BA3DB9}.Ad-Hoc|Any CPU.Build.0 = Release|Any CPU
		{FF866455-DDC5-471B-82EA-536671BA3DB9}.Ad-Hoc|Any CPU.Deploy.0 = Release|Any CPU
		{FF866455-DDC5-471B-82EA-536671BA3DB9}.Ad-Hoc|ARM.ActiveCfg = Release|Any CPU
		{FF866455-DDC5-471B-82EA-536671BA3DB9}.Ad-Hoc|ARM.Build.0 = Release|Any CPU
		{FF866455-DDC5-471B-82EA-536671BA3DB9}.Ad-Hoc|ARM.Deploy.0 = Release|Any CPU
		{FF866455-DDC5-471B-82EA-536671BA3DB9}.Ad-Hoc|iPhone.ActiveCfg = Release|Any CPU
		{FF866455-DDC5-471B-82EA-536671BA3DB9}.Ad-Hoc|iPhone.Build.0 = Release|Any CPU
		{FF866455-DDC5-471B-82EA-536671BA3DB9}.Ad-Hoc|iPhone.Deploy.0 = Release|Any CPU
		{FF866455-DDC5-471B-82EA-536671BA3DB9}.Ad-Hoc|iPhoneSimulator.ActiveCfg = Release|Any CPU
		{FF866455-DDC5-471B-82EA-536671BA3DB9}.Ad-Hoc|iPhoneSimulator.Build.0 = Release|Any CPU
		{FF866455-DDC5-471B-82EA-536671BA3DB9}.Ad-Hoc|iPhoneSimulator.Deploy.0 = Release|Any CPU
		{FF866455-DDC5-471B-82EA-536671BA3DB9}.Ad-Hoc|x64.ActiveCfg = Release|Any CPU
		{FF866455-DDC5-471B-82EA-536671BA3DB9}.Ad-Hoc|x64.Build.0 = Release|Any CPU
		{FF866455-DDC5-471B-82EA-536671BA3DB9}.Ad-Hoc|x64.Deploy.0 = Release|Any CPU
		{FF866455-DDC5-471B-82EA-536671BA3DB9}.Ad-Hoc|x86.ActiveCfg = Release|Any CPU
		{FF866455-DDC5-471B-82EA-536671BA3DB9}.Ad-Hoc|x86.Build.0 = Release|Any CPU
		{FF866455-DDC5-471B-82EA-536671BA3DB9}.Ad-Hoc|x86.Deploy.0 = Release|Any CPU
		{FF866455-DDC5-471B-82EA-536671BA3DB9}.AppStore|Any CPU.ActiveCfg = Release|Any CPU
		{FF866455-DDC5-471B-82EA-536671BA3DB9}.AppStore|Any CPU.Build.0 = Release|Any CPU
		{FF866455-DDC5-471B-82EA-536671BA3DB9}.AppStore|Any CPU.Deploy.0 = Release|Any CPU
		{FF866455-DDC5-471B-82EA-536671BA3DB9}.AppStore|ARM.ActiveCfg = Release|Any CPU
		{FF866455-DDC5-471B-82EA-536671BA3DB9}.AppStore|ARM.Build.0 = Release|Any CPU
		{FF866455-DDC5-471B-82EA-536671BA3DB9}.AppStore|ARM.Deploy.0 = Release|Any CPU
		{FF866455-DDC5-471B-82EA-536671BA3DB9}.AppStore|iPhone.ActiveCfg = Release|Any CPU
		{FF866455-DDC5-471B-82EA-536671BA3DB9}.AppStore|iPhone.Build.0 = Release|Any CPU
		{FF866455-DDC5-471B-82EA-536671BA3DB9}.AppStore|iPhone.Deploy.0 = Release|Any CPU
		{FF866455-DDC5-471B-82EA-536671BA3DB9}.AppStore|iPhoneSimulator.ActiveCfg = Release|Any CPU
		{FF866455-DDC5-471B-82EA-536671BA3DB9}.AppStore|iPhoneSimulator.Build.0 = Release|Any CPU
		{FF866455-DDC5-471B-82EA-536671BA3DB9}.AppStore|iPhoneSimulator.Deploy.0 = Release|Any CPU
		{FF866455-DDC5-471B-82EA-536671BA3DB9}.AppStore|x64.ActiveCfg = Release|Any CPU
		{FF866455-DDC5-471B-82EA-536671BA3DB9}.AppStore|x64.Build.0 = Release|Any CPU
		{FF866455-DDC5-471B-82EA-536671BA3DB9}.AppStore|x64.Deploy.0 = Release|Any CPU
		{FF866455-DDC5-471B-82EA-536671BA3DB9}.AppStore|x86.ActiveCfg = Release|Any CPU
		{FF866455-DDC5-471B-82EA-536671BA3DB9}.AppStore|x86.Build.0 = Release|Any CPU
		{FF866455-DDC5-471B-82EA-536671BA3DB9}.AppStore|x86.Deploy.0 = Release|Any CPU
		{FF866455-DDC5-471B-82EA-536671BA3DB9}.Debug|Any CPU.ActiveCfg = Debug|Any CPU
		{FF866455-DDC5-471B-82EA-536671BA3DB9}.Debug|Any CPU.Build.0 = Debug|Any CPU
		{FF866455-DDC5-471B-82EA-536671BA3DB9}.Debug|Any CPU.Deploy.0 = Debug|Any CPU
		{FF866455-DDC5-471B-82EA-536671BA3DB9}.Debug|ARM.ActiveCfg = Debug|Any CPU
		{FF866455-DDC5-471B-82EA-536671BA3DB9}.Debug|ARM.Build.0 = Debug|Any CPU
		{FF866455-DDC5-471B-82EA-536671BA3DB9}.Debug|ARM.Deploy.0 = Debug|Any CPU
		{FF866455-DDC5-471B-82EA-536671BA3DB9}.Debug|iPhone.ActiveCfg = Debug|Any CPU
		{FF866455-DDC5-471B-82EA-536671BA3DB9}.Debug|iPhone.Build.0 = Debug|Any CPU
		{FF866455-DDC5-471B-82EA-536671BA3DB9}.Debug|iPhone.Deploy.0 = Debug|Any CPU
		{FF866455-DDC5-471B-82EA-536671BA3DB9}.Debug|iPhoneSimulator.ActiveCfg = Debug|Any CPU
		{FF866455-DDC5-471B-82EA-536671BA3DB9}.Debug|iPhoneSimulator.Build.0 = Debug|Any CPU
		{FF866455-DDC5-471B-82EA-536671BA3DB9}.Debug|iPhoneSimulator.Deploy.0 = Debug|Any CPU
		{FF866455-DDC5-471B-82EA-536671BA3DB9}.Debug|x64.ActiveCfg = Debug|Any CPU
		{FF866455-DDC5-471B-82EA-536671BA3DB9}.Debug|x64.Build.0 = Debug|Any CPU
		{FF866455-DDC5-471B-82EA-536671BA3DB9}.Debug|x64.Deploy.0 = Debug|Any CPU
		{FF866455-DDC5-471B-82EA-536671BA3DB9}.Debug|x86.ActiveCfg = Debug|Any CPU
		{FF866455-DDC5-471B-82EA-536671BA3DB9}.Debug|x86.Build.0 = Debug|Any CPU
		{FF866455-DDC5-471B-82EA-536671BA3DB9}.Debug|x86.Deploy.0 = Debug|Any CPU
		{FF866455-DDC5-471B-82EA-536671BA3DB9}.Release|Any CPU.ActiveCfg = Release|Any CPU
		{FF866455-DDC5-471B-82EA-536671BA3DB9}.Release|Any CPU.Build.0 = Release|Any CPU
		{FF866455-DDC5-471B-82EA-536671BA3DB9}.Release|Any CPU.Deploy.0 = Release|Any CPU
		{FF866455-DDC5-471B-82EA-536671BA3DB9}.Release|ARM.ActiveCfg = Release|Any CPU
		{FF866455-DDC5-471B-82EA-536671BA3DB9}.Release|ARM.Build.0 = Release|Any CPU
		{FF866455-DDC5-471B-82EA-536671BA3DB9}.Release|ARM.Deploy.0 = Release|Any CPU
		{FF866455-DDC5-471B-82EA-536671BA3DB9}.Release|iPhone.ActiveCfg = Release|Any CPU
		{FF866455-DDC5-471B-82EA-536671BA3DB9}.Release|iPhone.Build.0 = Release|Any CPU
		{FF866455-DDC5-471B-82EA-536671BA3DB9}.Release|iPhone.Deploy.0 = Release|Any CPU
		{FF866455-DDC5-471B-82EA-536671BA3DB9}.Release|iPhoneSimulator.ActiveCfg = Release|Any CPU
		{FF866455-DDC5-471B-82EA-536671BA3DB9}.Release|iPhoneSimulator.Build.0 = Release|Any CPU
		{FF866455-DDC5-471B-82EA-536671BA3DB9}.Release|iPhoneSimulator.Deploy.0 = Release|Any CPU
		{FF866455-DDC5-471B-82EA-536671BA3DB9}.Release|x64.ActiveCfg = Release|Any CPU
		{FF866455-DDC5-471B-82EA-536671BA3DB9}.Release|x64.Build.0 = Release|Any CPU
		{FF866455-DDC5-471B-82EA-536671BA3DB9}.Release|x64.Deploy.0 = Release|Any CPU
		{FF866455-DDC5-471B-82EA-536671BA3DB9}.Release|x86.ActiveCfg = Release|Any CPU
		{FF866455-DDC5-471B-82EA-536671BA3DB9}.Release|x86.Build.0 = Release|Any CPU
		{FF866455-DDC5-471B-82EA-536671BA3DB9}.Release|x86.Deploy.0 = Release|Any CPU
	EndGlobalSection
	GlobalSection(SolutionProperties) = preSolution
		HideSolutionNode = FALSE
	EndGlobalSection
	GlobalSection(ExtensibilityGlobals) = postSolution
		SolutionGuid = {598DE7AC-3A8E-4C55-82F4-D6D10653C49B}
	EndGlobalSection
EndGlobal
